
Microsoft Visual Studio Solution File, Format Version 12.00
# Visual Studio 15
VisualStudioVersion = 15.0.28307.136
MinimumVisualStudioVersion = 10.0.40219.1
Project("{FAE04EC0-301F-11D3-BF4B-00C04F79EFBC}") = "ListCompare", "ListCompare\ListCompare.csproj", "{DCB3632C-9A23-4824-BA08-5FC5008471A1}"
EndProject
Project("{FAE04EC0-301F-11D3-BF4B-00C04F79EFBC}") = "ListCompare.Tests", "ListCompare.Tests\ListCompare.Tests.csproj", "{3A0943F9-F784-43E6-8B92-BE61E246B37F}"
EndProject
Global
	GlobalSection(SolutionConfigurationPlatforms) = preSolution
		Debug|Any CPU = Debug|Any CPU
		Release|Any CPU = Release|Any CPU
	EndGlobalSection
	GlobalSection(ProjectConfigurationPlatforms) = postSolution
		{DCB3632C-9A23-4824-BA08-5FC5008471A1}.Debug|Any CPU.ActiveCfg = Debug|Any CPU
		{DCB3632C-9A23-4824-BA08-5FC5008471A1}.Debug|Any CPU.Build.0 = Debug|Any CPU
		{DCB3632C-9A23-4824-BA08-5FC5008471A1}.Release|Any CPU.ActiveCfg = Release|Any CPU
		{DCB3632C-9A23-4824-BA08-5FC5008471A1}.Release|Any CPU.Build.0 = Release|Any CPU
		{3A0943F9-F784-43E6-8B92-BE61E246B37F}.Debug|Any CPU.ActiveCfg = Debug|Any CPU
		{3A0943F9-F784-43E6-8B92-BE61E246B37F}.Debug|Any CPU.Build.0 = Debug|Any CPU
		{3A0943F9-F784-43E6-8B92-BE61E246B37F}.Release|Any CPU.ActiveCfg = Release|Any CPU
		{3A0943F9-F784-43E6-8B92-BE61E246B37F}.Release|Any CPU.Build.0 = Release|Any CPU
	EndGlobalSection
	GlobalSection(SolutionProperties) = preSolution
		HideSolutionNode = FALSE
	EndGlobalSection
	GlobalSection(ExtensibilityGlobals) = postSolution
		SolutionGuid = {13B6EF88-8FC9-46CB-B0B9-F3BBE3046B91}
	EndGlobalSection
EndGlobal
